
Microsoft Visual Studio Solution File, Format Version 12.00
# Visual Studio Version 17
VisualStudioVersion = 17.8.34525.116
MinimumVisualStudioVersion = 10.0.40219.1
Project("{FAE04EC0-301F-11D3-BF4B-00C04F79EFBC}") = "Homework", "Homework\Homework.csproj", "{6FB8F974-8AA5-4DA8-B1AD-E2CD170D4D4D}"
EndProject
Global
	GlobalSection(SolutionConfigurationPlatforms) = preSolution
		Debug|Any CPU = Debug|Any CPU
		Release|Any CPU = Release|Any CPU
	EndGlobalSection
	GlobalSection(ProjectConfigurationPlatforms) = postSolution
		{6FB8F974-8AA5-4DA8-B1AD-E2CD170D4D4D}.Debug|Any CPU.ActiveCfg = Debug|Any CPU
		{6FB8F974-8AA5-4DA8-B1AD-E2CD170D4D4D}.Debug|Any CPU.Build.0 = Debug|Any CPU
		{6FB8F974-8AA5-4DA8-B1AD-E2CD170D4D4D}.Release|Any CPU.ActiveCfg = Release|Any CPU
		{6FB8F974-8AA5-4DA8-B1AD-E2CD170D4D4D}.Release|Any CPU.Build.0 = Release|Any CPU
	EndGlobalSection
	GlobalSection(SolutionProperties) = preSolution
		HideSolutionNode = FALSE
	EndGlobalSection
	GlobalSection(ExtensibilityGlobals) = postSolution
		SolutionGuid = {4E70C7A4-D03C-4D2E-8BA3-6CEC76E68286}
	EndGlobalSection
EndGlobal
